<Solution>
  <Folder Name="/BuildingBlocks/">
    <Project Path="BuildingBlocks/BuildingBlocks/BuildingBlocks.csproj" Id="dc3f61e6-01c9-49c6-97a5-dde55095e27e" />
  </Folder>
  <Folder Name="/Services/" />
  <Folder Name="/Services/Catalog/">
    <Project Path="Services/Catalog/Catalog.API/Catalog.API.csproj" Id="6d3cc1eb-aff6-415b-8e8f-66573286eeeb" />
  </Folder>
</Solution>
